
Microsoft Visual Studio Solution File, Format Version 12.00
# Visual Studio Version 17
VisualStudioVersion = 17.2.32630.192
MinimumVisualStudioVersion = 10.0.40219.1
Project("{FAE04EC0-301F-11D3-BF4B-00C04F79EFBC}") = "WebApplication CICD", "WebApplication CICD\WebApplication CICD.csproj", "{A252F643-370A-482C-B2EC-424CDB678EB8}"
EndProject
Global
	GlobalSection(SolutionConfigurationPlatforms) = preSolution
		Debug|Any CPU = Debug|Any CPU
		Release|Any CPU = Release|Any CPU
	EndGlobalSection
	GlobalSection(ProjectConfigurationPlatforms) = postSolution
		{A252F643-370A-482C-B2EC-424CDB678EB8}.Debug|Any CPU.ActiveCfg = Debug|Any CPU
		{A252F643-370A-482C-B2EC-424CDB678EB8}.Debug|Any CPU.Build.0 = Debug|Any CPU
		{A252F643-370A-482C-B2EC-424CDB678EB8}.Release|Any CPU.ActiveCfg = Release|Any CPU
		{A252F643-370A-482C-B2EC-424CDB678EB8}.Release|Any CPU.Build.0 = Release|Any CPU
	EndGlobalSection
	GlobalSection(SolutionProperties) = preSolution
		HideSolutionNode = FALSE
	EndGlobalSection
	GlobalSection(ExtensibilityGlobals) = postSolution
		SolutionGuid = {B11FFA7F-07BA-4F49-81C9-1E2F0636467E}
	EndGlobalSection
EndGlobal
